
Microsoft Visual Studio Solution File, Format Version 12.00
# Visual Studio 15
VisualStudioVersion = 15.0.26730.16
MinimumVisualStudioVersion = 10.0.40219.1
Project("{FAE04EC0-301F-11D3-BF4B-00C04F79EFBC}") = "first programes", "first programes\first programes.csproj", "{A2155450-16EE-4D4B-A4FD-3F226DE8BAF5}"
EndProject
Global
	GlobalSection(SolutionConfigurationPlatforms) = preSolution
		Debug|Any CPU = Debug|Any CPU
		Release|Any CPU = Release|Any CPU
	EndGlobalSection
	GlobalSection(ProjectConfigurationPlatforms) = postSolution
		{A2155450-16EE-4D4B-A4FD-3F226DE8BAF5}.Debug|Any CPU.ActiveCfg = Debug|Any CPU
		{A2155450-16EE-4D4B-A4FD-3F226DE8BAF5}.Debug|Any CPU.Build.0 = Debug|Any CPU
		{A2155450-16EE-4D4B-A4FD-3F226DE8BAF5}.Release|Any CPU.ActiveCfg = Release|Any CPU
		{A2155450-16EE-4D4B-A4FD-3F226DE8BAF5}.Release|Any CPU.Build.0 = Release|Any CPU
	EndGlobalSection
	GlobalSection(SolutionProperties) = preSolution
		HideSolutionNode = FALSE
	EndGlobalSection
	GlobalSection(ExtensibilityGlobals) = postSolution
		SolutionGuid = {6E17129B-5364-41F9-87EA-69C282C5E79F}
	EndGlobalSection
EndGlobal
